
Microsoft Visual Studio Solution File, Format Version 12.00
# Visual Studio Version 17
VisualStudioVersion = 17.3.32811.315
MinimumVisualStudioVersion = 10.0.40219.1
Project("{FAE04EC0-301F-11D3-BF4B-00C04F79EFBC}") = "Lista7Pr2", "Lista7Pr2\Lista7Pr2.csproj", "{1BCF8BF2-13BB-4CD6-964A-DB2B8EC2BA77}"
EndProject
Global
	GlobalSection(SolutionConfigurationPlatforms) = preSolution
		Debug|Any CPU = Debug|Any CPU
		Release|Any CPU = Release|Any CPU
	EndGlobalSection
	GlobalSection(ProjectConfigurationPlatforms) = postSolution
		{1BCF8BF2-13BB-4CD6-964A-DB2B8EC2BA77}.Debug|Any CPU.ActiveCfg = Debug|Any CPU
		{1BCF8BF2-13BB-4CD6-964A-DB2B8EC2BA77}.Debug|Any CPU.Build.0 = Debug|Any CPU
		{1BCF8BF2-13BB-4CD6-964A-DB2B8EC2BA77}.Release|Any CPU.ActiveCfg = Release|Any CPU
		{1BCF8BF2-13BB-4CD6-964A-DB2B8EC2BA77}.Release|Any CPU.Build.0 = Release|Any CPU
	EndGlobalSection
	GlobalSection(SolutionProperties) = preSolution
		HideSolutionNode = FALSE
	EndGlobalSection
	GlobalSection(ExtensibilityGlobals) = postSolution
		SolutionGuid = {D35A824F-60F9-4FFE-A1A0-FAF60608A068}
	EndGlobalSection
EndGlobal
